{
  "name": "zmanim",
  "version": "1.0.0",
  "lockfileVersion": 3,
  "requires": true,
  "packages": {
    "": {
      "name": "zmanim",
      "version": "1.0.0",
      "devDependencies": {
        "@hebcal/core": "^5.0.0"
      }
    },
    "node_modules/@hebcal/core": {
      "version": "5.10.1",
      "resolved": "https://registry.npmjs.org/@hebcal/core/-/core-5.10.1.tgz",
      "integrity": "sha512-b9DYJM05l73soZs9I4O7QGAfhh2LpL4kv3pTRiUoMGK1J/hIJbYzg4/990t0rEJSw2/+LVApdyFjzz/21WwOFw==",
      "dev": true,
      "license": "GPL-2.0",
      "dependencies": {
        "@hebcal/hdate": "^0.14.2",
        "@hebcal/noaa": "^0.9.2",
        "quick-lru": "^6.1.2",
        "temporal-polyfill": "^0.3.0",
        "tslib": "^2.8.1"
      },
      "engines": {
        "node": ">= 16.0.0"
      }
    },
    "node_modules/@hebcal/hdate": {
      "version": "0.14.5",
      "resolved": "https://registry.npmjs.org/@hebcal/hdate/-/hdate-0.14.5.tgz",
      "integrity": "sha512-WNkFR1gc/TdFfCbNUY1QHE3asZ9pQBH07U6kFSLvik694/6aQQnEXbwBZZv1psPvvsGmVqJ4Nibok7S/SN5ICg==",
      "dev": true,
      "license": "GPL-2.0"
    },
    "node_modules/@hebcal/noaa": {
      "version": "0.9.2",
      "resolved": "https://registry.npmjs.org/@hebcal/noaa/-/noaa-0.9.2.tgz",
      "integrity": "sha512-pw6hixqxdgkhaxj/5aQgaBYevLUaerUvEIPNUSKYn2B77NOH4xZQF1A3YZlXel8MzGHyVbtB434uS4QAOMjZWQ==",
      "dev": true,
      "license": "LGPL-2.1",
      "dependencies": {
        "temporal-polyfill": "^0.3.0"
      }
    },
    "node_modules/quick-lru": {
      "version": "6.1.2",
      "resolved": "https://registry.npmjs.org/quick-lru/-/quick-lru-6.1.2.tgz",
      "integrity": "sha512-AAFUA5O1d83pIHEhJwWCq/RQcRukCkn/NSm2QsTEMle5f2hP0ChI2+3Xb051PZCkLryI/Ir1MVKviT2FIloaTQ==",
      "dev": true,
      "license": "MIT",
      "engines": {
        "node": ">=12"
      },
      "funding": {
        "url": "https://github.com/sponsors/sindresorhus"
      }
    },
    "node_modules/temporal-polyfill": {
      "version": "0.3.2",
      "resolved": "https://registry.npmjs.org/temporal-polyfill/-/temporal-polyfill-0.3.2.tgz",
      "integrity": "sha512-TzHthD/heRK947GNiSu3Y5gSPpeUDH34+LESnfsq8bqpFhsB79HFBX8+Z834IVX68P3EUyRPZK5bL/1fh437Eg==",
      "dev": true,
      "license": "MIT",
      "dependencies": {
        "temporal-spec": "0.3.1"
      }
    },
    "node_modules/temporal-spec": {
      "version": "0.3.1",
      "resolved": "https://registry.npmjs.org/temporal-spec/-/temporal-spec-0.3.1.tgz",
      "integrity": "sha512-B4TUhezh9knfSIMwt7RVggApDRJZo73uZdj8AacL2mZ8RP5KtLianh2MXxL06GN9ESYiIsiuoLQhgVfwe55Yhw==",
      "dev": true,
      "license": "ISC"
    },
    "node_modules/tslib": {
      "version": "2.8.1",
      "resolved": "https://registry.npmjs.org/tslib/-/tslib-2.8.1.tgz",
      "integrity": "sha512-oJFu94HQb+KVduSUQL7wnpmqnfmLsOA/nAh6b6EH0wCEoK0/mPeXU6c3wKDV83MkOuHPRHtSXKKU99IBazS/2w==",
      "dev": true,
      "license": "0BSD"
    }
  }
}
